
Microsoft Visual Studio Solution File, Format Version 12.00
# Visual Studio Version 17
VisualStudioVersion = 17.3.32825.248
MinimumVisualStudioVersion = 10.0.40219.1
Project("{9A19103F-16F7-4668-BE54-9A1E7A4F7556}") = "P3-Project", "P3-Project\P3-Project.csproj", "{3B0E2EBB-F9BB-43C6-8F37-4754B08F850C}"
EndProject
Project("{FAE04EC0-301F-11D3-BF4B-00C04F79EFBC}") = "P3-Project_Test", "P3-Project_Test\P3-Project_Test.csproj", "{0808BB63-FDD2-4576-8CD9-75D75B522C55}"
EndProject
Global
	GlobalSection(SolutionConfigurationPlatforms) = preSolution
		Debug|Any CPU = Debug|Any CPU
		Release|Any CPU = Release|Any CPU
	EndGlobalSection
	GlobalSection(ProjectConfigurationPlatforms) = postSolution
		{3B0E2EBB-F9BB-43C6-8F37-4754B08F850C}.Debug|Any CPU.ActiveCfg = Debug|Any CPU
		{3B0E2EBB-F9BB-43C6-8F37-4754B08F850C}.Debug|Any CPU.Build.0 = Debug|Any CPU
		{3B0E2EBB-F9BB-43C6-8F37-4754B08F850C}.Release|Any CPU.ActiveCfg = Release|Any CPU
		{3B0E2EBB-F9BB-43C6-8F37-4754B08F850C}.Release|Any CPU.Build.0 = Release|Any CPU
		{0808BB63-FDD2-4576-8CD9-75D75B522C55}.Debug|Any CPU.ActiveCfg = Debug|Any CPU
		{0808BB63-FDD2-4576-8CD9-75D75B522C55}.Debug|Any CPU.Build.0 = Debug|Any CPU
		{0808BB63-FDD2-4576-8CD9-75D75B522C55}.Release|Any CPU.ActiveCfg = Release|Any CPU
		{0808BB63-FDD2-4576-8CD9-75D75B522C55}.Release|Any CPU.Build.0 = Release|Any CPU
	EndGlobalSection
	GlobalSection(SolutionProperties) = preSolution
		HideSolutionNode = FALSE
	EndGlobalSection
	GlobalSection(ExtensibilityGlobals) = postSolution
		SolutionGuid = {0246324A-2AA9-4EFD-8104-BA0F14F888CA}
	EndGlobalSection
EndGlobal
